
Microsoft Visual Studio Solution File, Format Version 11.00
# Visual Studio 2010
Project("{FAE04EC0-301F-11D3-BF4B-00C04F79EFBC}") = "SampleProject", "SampleProject\SampleProject.csproj", "{CD388F1C-BD9E-4DAA-99C5-0065AA4646AB}"
EndProject
Project("{FAE04EC0-301F-11D3-BF4B-00C04F79EFBC}") = "SharpGIS.Controls.RefreshBox", "SharpGIS.Controls.RefreshBox\SharpGIS.Controls.RefreshBox.csproj", "{A3059B93-727E-422A-B91A-FA87FCED4B66}"
EndProject
Global
	GlobalSection(SolutionConfigurationPlatforms) = preSolution
		Debug|Any CPU = Debug|Any CPU
		Release|Any CPU = Release|Any CPU
	EndGlobalSection
	GlobalSection(ProjectConfigurationPlatforms) = postSolution
		{CD388F1C-BD9E-4DAA-99C5-0065AA4646AB}.Debug|Any CPU.ActiveCfg = Debug|Any CPU
		{CD388F1C-BD9E-4DAA-99C5-0065AA4646AB}.Debug|Any CPU.Build.0 = Debug|Any CPU
		{CD388F1C-BD9E-4DAA-99C5-0065AA4646AB}.Debug|Any CPU.Deploy.0 = Debug|Any CPU
		{CD388F1C-BD9E-4DAA-99C5-0065AA4646AB}.Release|Any CPU.ActiveCfg = Release|Any CPU
		{CD388F1C-BD9E-4DAA-99C5-0065AA4646AB}.Release|Any CPU.Build.0 = Release|Any CPU
		{CD388F1C-BD9E-4DAA-99C5-0065AA4646AB}.Release|Any CPU.Deploy.0 = Release|Any CPU
		{A3059B93-727E-422A-B91A-FA87FCED4B66}.Debug|Any CPU.ActiveCfg = Debug|Any CPU
		{A3059B93-727E-422A-B91A-FA87FCED4B66}.Debug|Any CPU.Build.0 = Debug|Any CPU
		{A3059B93-727E-422A-B91A-FA87FCED4B66}.Release|Any CPU.ActiveCfg = Release|Any CPU
		{A3059B93-727E-422A-B91A-FA87FCED4B66}.Release|Any CPU.Build.0 = Release|Any CPU
	EndGlobalSection
	GlobalSection(SolutionProperties) = preSolution
		HideSolutionNode = FALSE
	EndGlobalSection
EndGlobal
